
Microsoft Visual Studio Solution File, Format Version 12.00
# Visual Studio Version 17
VisualStudioVersion = 17.10.35013.160
MinimumVisualStudioVersion = 10.0.40219.1
Project("{9A19103F-16F7-4668-BE54-9A1E7A4F7556}") = "SISDEN", "SISDEN\SISDEN.csproj", "{BFB63A1E-9875-430B-9B5F-99F7FDBABBCF}"
EndProject
Project("{9A19103F-16F7-4668-BE54-9A1E7A4F7556}") = "SISDENFRONT", "SISDENFRONT\SISDENFRONT.csproj", "{F2523AA4-5D6D-46F2-B69D-C2EB9012373F}"
EndProject
Global
	GlobalSection(SolutionConfigurationPlatforms) = preSolution
		Debug|Any CPU = Debug|Any CPU
		Release|Any CPU = Release|Any CPU
	EndGlobalSection
	GlobalSection(ProjectConfigurationPlatforms) = postSolution
		{BFB63A1E-9875-430B-9B5F-99F7FDBABBCF}.Debug|Any CPU.ActiveCfg = Debug|Any CPU
		{BFB63A1E-9875-430B-9B5F-99F7FDBABBCF}.Debug|Any CPU.Build.0 = Debug|Any CPU
		{BFB63A1E-9875-430B-9B5F-99F7FDBABBCF}.Release|Any CPU.ActiveCfg = Release|Any CPU
		{BFB63A1E-9875-430B-9B5F-99F7FDBABBCF}.Release|Any CPU.Build.0 = Release|Any CPU
		{F2523AA4-5D6D-46F2-B69D-C2EB9012373F}.Debug|Any CPU.ActiveCfg = Debug|Any CPU
		{F2523AA4-5D6D-46F2-B69D-C2EB9012373F}.Debug|Any CPU.Build.0 = Debug|Any CPU
		{F2523AA4-5D6D-46F2-B69D-C2EB9012373F}.Release|Any CPU.ActiveCfg = Release|Any CPU
		{F2523AA4-5D6D-46F2-B69D-C2EB9012373F}.Release|Any CPU.Build.0 = Release|Any CPU
	EndGlobalSection
	GlobalSection(SolutionProperties) = preSolution
		HideSolutionNode = FALSE
	EndGlobalSection
	GlobalSection(ExtensibilityGlobals) = postSolution
		SolutionGuid = {C4D36688-4C3A-4D69-B2D2-C1106FC10EB6}
	EndGlobalSection
EndGlobal
